// !$*UTF8*$!
{
	archiveVersion = 1;
	classes = {
	};
	objectVersion = 46;
	objects = {

/* Begin PBXBuildFile section */
		843E8C30FFBCBF4C24401A53 /* Pods_FootballInventory.framework in Frameworks */ = {isa = PBXBuildFile; fileRef = F7EFFDE927E3243B25D23307 /* Pods_FootballInventory.framework */; };
		D9111A261E36E8370040E8E9 /* ViewController.swift in Sources */ = {isa = PBXBuildFile; fileRef = D9111A251E36E8370040E8E9 /* ViewController.swift */; };
		D926E94C1E40D46A00809812 /* InventoryItem.swift in Sources */ = {isa = PBXBuildFile; fileRef = D926E94B1E40D46A00809812 /* InventoryItem.swift */; };
		D935F51D1E3911860091BED5 /* Player.swift in Sources */ = {isa = PBXBuildFile; fileRef = D935F51C1E3911860091BED5 /* Player.swift */; };
		D95056641E3171B800B3FE95 /* ViewControllerAddPlayer.swift in Sources */ = {isa = PBXBuildFile; fileRef = D95056631E3171B800B3FE95 /* ViewControllerAddPlayer.swift */; };
		D9728E5C1E43AA68002C3D78 /* AddInventoryViewController.swift in Sources */ = {isa = PBXBuildFile; fileRef = D9728E5B1E43AA68002C3D78 /* AddInventoryViewController.swift */; };
		D97CA2771E3778080083C1CA /* Main.storyboard in Resources */ = {isa = PBXBuildFile; fileRef = D97CA2751E3778080083C1CA /* Main.storyboard */; };
		D97CA2791E3781660083C1CA /* PlayerDetail.swift in Sources */ = {isa = PBXBuildFile; fileRef = D97CA2781E3781660083C1CA /* PlayerDetail.swift */; };
		D97CA27D1E3804F10083C1CA /* GoogleService-Info.plist in Resources */ = {isa = PBXBuildFile; fileRef = D97CA27C1E3804F10083C1CA /* GoogleService-Info.plist */; };
		D9A5AA9D1E425C0300AE1B01 /* InventoryViewController.swift in Sources */ = {isa = PBXBuildFile; fileRef = D9A5AA9C1E425C0300AE1B01 /* InventoryViewController.swift */; };
		D9C1C33D1E44B4E80046158B /* QRReaderViewController.swift in Sources */ = {isa = PBXBuildFile; fileRef = D9C1C33C1E44B4E80046158B /* QRReaderViewController.swift */; };
		D9F911781E315CA0009CC17C /* AppDelegate.swift in Sources */ = {isa = PBXBuildFile; fileRef = D9F911771E315CA0009CC17C /* AppDelegate.swift */; };
		D9F911821E315CA0009CC17C /* Assets.xcassets in Resources */ = {isa = PBXBuildFile; fileRef = D9F911811E315CA0009CC17C /* Assets.xcassets */; };
		D9F911851E315CA0009CC17C /* LaunchScreen.storyboard in Resources */ = {isa = PBXBuildFile; fileRef = D9F911831E315CA0009CC17C /* LaunchScreen.storyboard */; };
/* End PBXBuildFile section */

/* Begin PBXFileReference section */
		417FA33080C95F502BD8D90B /* Pods-FootballInventory.release.xcconfig */ = {isa = PBXFileReference; includeInIndex = 1; lastKnownFileType = text.xcconfig; name = "Pods-FootballInventory.release.xcconfig"; path = "Pods/Target Support Files/Pods-FootballInventory/Pods-FootballInventory.release.xcconfig"; sourceTree = "<group>"; };
		D9111A251E36E8370040E8E9 /* ViewController.swift */ = {isa = PBXFileReference; fileEncoding = 4; lastKnownFileType = sourcecode.swift; path = ViewController.swift; sourceTree = "<group>"; };
		D926E94B1E40D46A00809812 /* InventoryItem.swift */ = {isa = PBXFileReference; fileEncoding = 4; lastKnownFileType = sourcecode.swift; path = InventoryItem.swift; sourceTree = "<group>"; };
		D935F51C1E3911860091BED5 /* Player.swift */ = {isa = PBXFileReference; fileEncoding = 4; lastKnownFileType = sourcecode.swift; path = Player.swift; sourceTree = "<group>"; };
		D95056631E3171B800B3FE95 /* ViewControllerAddPlayer.swift */ = {isa = PBXFileReference; fileEncoding = 4; lastKnownFileType = sourcecode.swift; path = ViewControllerAddPlayer.swift; sourceTree = "<group>"; };
		D9728E5B1E43AA68002C3D78 /* AddInventoryViewController.swift */ = {isa = PBXFileReference; fileEncoding = 4; lastKnownFileType = sourcecode.swift; path = AddInventoryViewController.swift; sourceTree = "<group>"; };
		D97CA2761E3778080083C1CA /* Base */ = {isa = PBXFileReference; lastKnownFileType = file.storyboard; name = Base; path = Base.lproj/Main.storyboard; sourceTree = "<group>"; };
		D97CA2781E3781660083C1CA /* PlayerDetail.swift */ = {isa = PBXFileReference; fileEncoding = 4; lastKnownFileType = sourcecode.swift; path = PlayerDetail.swift; sourceTree = "<group>"; };
		D97CA27C1E3804F10083C1CA /* GoogleService-Info.plist */ = {isa = PBXFileReference; fileEncoding = 4; lastKnownFileType = text.plist.xml; path = "GoogleService-Info.plist"; sourceTree = "<group>"; };
		D9A5AA9C1E425C0300AE1B01 /* InventoryViewController.swift */ = {isa = PBXFileReference; fileEncoding = 4; lastKnownFileType = sourcecode.swift; path = InventoryViewController.swift; sourceTree = "<group>"; };
		D9C1C33C1E44B4E80046158B /* QRReaderViewController.swift */ = {isa = PBXFileReference; fileEncoding = 4; lastKnownFileType = sourcecode.swift; path = QRReaderViewController.swift; sourceTree = "<group>"; };
		D9F911741E315CA0009CC17C /* FootballInventory.app */ = {isa = PBXFileReference; explicitFileType = wrapper.application; includeInIndex = 0; path = FootballInventory.app; sourceTree = BUILT_PRODUCTS_DIR; };
		D9F911771E315CA0009CC17C /* AppDelegate.swift */ = {isa = PBXFileReference; lastKnownFileType = sourcecode.swift; path = AppDelegate.swift; sourceTree = "<group>"; };
		D9F911811E315CA0009CC17C /* Assets.xcassets */ = {isa = PBXFileReference; lastKnownFileType = folder.assetcatalog; path = Assets.xcassets; sourceTree = "<group>"; };
		D9F911841E315CA0009CC17C /* Base */ = {isa = PBXFileReference; lastKnownFileType = file.storyboard; name = Base; path = Base.lproj/LaunchScreen.storyboard; sourceTree = "<group>"; };
		D9F911861E315CA0009CC17C /* Info.plist */ = {isa = PBXFileReference; lastKnownFileType = text.plist.xml; path = Info.plist; sourceTree = "<group>"; };
		DF504022A4B94F74E72625B3 /* Pods-FootballInventory.debug.xcconfig */ = {isa = PBXFileReference; includeInIndex = 1; lastKnownFileType = text.xcconfig; name = "Pods-FootballInventory.debug.xcconfig"; path = "Pods/Target Support Files/Pods-FootballInventory/Pods-FootballInventory.debug.xcconfig"; sourceTree = "<group>"; };
		F7EFFDE927E3243B25D23307 /* Pods_FootballInventory.framework */ = {isa = PBXFileReference; explicitFileType = wrapper.framework; includeInIndex = 0; path = Pods_FootballInventory.framework; sourceTree = BUILT_PRODUCTS_DIR; };
/* End PBXFileReference section */

/* Begin PBXFrameworksBuildPhase section */
		D9F911711E315C9F009CC17C /* Frameworks */ = {
			isa = PBXFrameworksBuildPhase;
			buildActionMask = 2147483647;
			files = (
				843E8C30FFBCBF4C24401A53 /* Pods_FootballInventory.framework in Frameworks */,
			);
			runOnlyForDeploymentPostprocessing = 0;
		};
/* End PBXFrameworksBuildPhase section */

/* Begin PBXGroup section */
		309E86FEA31290C9C6269352 /* Pods */ = {
			isa = PBXGroup;
			children = (
				DF504022A4B94F74E72625B3 /* Pods-FootballInventory.debug.xcconfig */,
				417FA33080C95F502BD8D90B /* Pods-FootballInventory.release.xcconfig */,
			);
			name = Pods;
			sourceTree = "<group>";
		};
		BB880ED9F8B9F18B40BFD9C2 /* Frameworks */ = {
			isa = PBXGroup;
			children = (
				F7EFFDE927E3243B25D23307 /* Pods_FootballInventory.framework */,
			);
			name = Frameworks;
			sourceTree = "<group>";
		};
		D9F9116B1E315C9F009CC17C = {
			isa = PBXGroup;
			children = (
				D9F911761E315CA0009CC17C /* FootballInventory */,
				D9F911751E315CA0009CC17C /* Products */,
				309E86FEA31290C9C6269352 /* Pods */,
				BB880ED9F8B9F18B40BFD9C2 /* Frameworks */,
			);
			sourceTree = "<group>";
		};
		D9F911751E315CA0009CC17C /* Products */ = {
			isa = PBXGroup;
			children = (
				D9F911741E315CA0009CC17C /* FootballInventory.app */,
			);
			name = Products;
			sourceTree = "<group>";
		};
		D9F911761E315CA0009CC17C /* FootballInventory */ = {
			isa = PBXGroup;
			children = (
				D9F911771E315CA0009CC17C /* AppDelegate.swift */,
				D9111A251E36E8370040E8E9 /* ViewController.swift */,
				D97CA2781E3781660083C1CA /* PlayerDetail.swift */,
				D935F51C1E3911860091BED5 /* Player.swift */,
				D926E94B1E40D46A00809812 /* InventoryItem.swift */,
				D95056631E3171B800B3FE95 /* ViewControllerAddPlayer.swift */,
				D9A5AA9C1E425C0300AE1B01 /* InventoryViewController.swift */,
				D9C1C33C1E44B4E80046158B /* QRReaderViewController.swift */,
				D9728E5B1E43AA68002C3D78 /* AddInventoryViewController.swift */,
				D9F911811E315CA0009CC17C /* Assets.xcassets */,
				D97CA2751E3778080083C1CA /* Main.storyboard */,
				D9F911831E315CA0009CC17C /* LaunchScreen.storyboard */,
				D9F911861E315CA0009CC17C /* Info.plist */,
				D97CA27C1E3804F10083C1CA /* GoogleService-Info.plist */,
			);
			path = FootballInventory;
			sourceTree = "<group>";
		};
/* End PBXGroup section */

/* Begin PBXNativeTarget section */
		D9F911731E315C9F009CC17C /* FootballInventory */ = {
			isa = PBXNativeTarget;
			buildConfigurationList = D9F911891E315CA0009CC17C /* Build configuration list for PBXNativeTarget "FootballInventory" */;
			buildPhases = (
				D6FAD62FF3083832D8397A7C /* [CP] Check Pods Manifest.lock */,
				D9F911701E315C9F009CC17C /* Sources */,
				D9F911711E315C9F009CC17C /* Frameworks */,
				D9F911721E315C9F009CC17C /* Resources */,
				709535578D3FD19852C97C57 /* [CP] Embed Pods Frameworks */,
				92EAB348EAF3107270CF52E5 /* [CP] Copy Pods Resources */,
			);
			buildRules = (
			);
			dependencies = (
			);
			name = FootballInventory;
			productName = FootballInventory;
			productReference = D9F911741E315CA0009CC17C /* FootballInventory.app */;
			productType = "com.apple.product-type.application";
		};
/* End PBXNativeTarget section */

/* Begin PBXProject section */
		D9F9116C1E315C9F009CC17C /* Project object */ = {
			isa = PBXProject;
			attributes = {
				LastSwiftUpdateCheck = 0820;
				LastUpgradeCheck = 0820;
				ORGANIZATIONNAME = "Malcolm Machesky";
				TargetAttributes = {
					D9F911731E315C9F009CC17C = {
						CreatedOnToolsVersion = 8.2.1;
						DevelopmentTeam = C898Z78FP7;
						ProvisioningStyle = Automatic;
					};
				};
			};
			buildConfigurationList = D9F9116F1E315C9F009CC17C /* Build configuration list for PBXProject "FootballInventory" */;
			compatibilityVersion = "Xcode 3.2";
			developmentRegion = English;
			hasScannedForEncodings = 0;
			knownRegions = (
				en,
				Base,
			);
			mainGroup = D9F9116B1E315C9F009CC17C;
			productRefGroup = D9F911751E315CA0009CC17C /* Products */;
			projectDirPath = "";
			projectRoot = "";
			targets = (
				D9F911731E315C9F009CC17C /* FootballInventory */,
			);
		};
/* End PBXProject section */

/* Begin PBXResourcesBuildPhase section */
		D9F911721E315C9F009CC17C /* Resources */ = {
			isa = PBXResourcesBuildPhase;
			buildActionMask = 2147483647;
			files = (
				D97CA2771E3778080083C1CA /* Main.storyboard in Resources */,
				D97CA27D1E3804F10083C1CA /* GoogleService-Info.plist in Resources */,
				D9F911851E315CA0009CC17C /* LaunchScreen.storyboard in Resources */,
				D9F911821E315CA0009CC17C /* Assets.xcassets in Resources */,
			);
			runOnlyForDeploymentPostprocessing = 0;
		};
/* End PBXResourcesBuildPhase section */

/* Begin PBXShellScriptBuildPhase section */
		709535578D3FD19852C97C57 /* [CP] Embed Pods Frameworks */ = {
			isa = PBXShellScriptBuildPhase;
			buildActionMask = 2147483647;
			files = (
			);
			inputPaths = (
			);
			name = "[CP] Embed Pods Frameworks";
			outputPaths = (
			);
			runOnlyForDeploymentPostprocessing = 0;
			shellPath = /bin/sh;
			shellScript = "\"${SRCROOT}/Pods/Target Support Files/Pods-FootballInventory/Pods-FootballInventory-frameworks.sh\"\n";
			showEnvVarsInLog = 0;
		};
		92EAB348EAF3107270CF52E5 /* [CP] Copy Pods Resources */ = {
			isa = PBXShellScriptBuildPhase;
			buildActionMask = 2147483647;
			files = (
			);
			inputPaths = (
			);
			name = "[CP] Copy Pods Resources";
			outputPaths = (
			);
			runOnlyForDeploymentPostprocessing = 0;
			shellPath = /bin/sh;
			shellScript = "\"${SRCROOT}/Pods/Target Support Files/Pods-FootballInventory/Pods-FootballInventory-resources.sh\"\n";
			showEnvVarsInLog = 0;
		};
		D6FAD62FF3083832D8397A7C /* [CP] Check Pods Manifest.lock */ = {
			isa = PBXShellScriptBuildPhase;
			buildActionMask = 2147483647;
			files = (
			);
			inputPaths = (
			);
			name = "[CP] Check Pods Manifest.lock";
			outputPaths = (
			);
			runOnlyForDeploymentPostprocessing = 0;
			shellPath = /bin/sh;
			shellScript = "diff \"${PODS_ROOT}/../Podfile.lock\" \"${PODS_ROOT}/Manifest.lock\" > /dev/null\nif [ $? != 0 ] ; then\n    # print error to STDERR\n    echo \"error: The sandbox is not in sync with the Podfile.lock. Run 'pod install' or update your CocoaPods installation.\" >&2\n    exit 1\nfi\n";
			showEnvVarsInLog = 0;
		};
/* End PBXShellScriptBuildPhase section */

/* Begin PBXSourcesBuildPhase section */
		D9F911701E315C9F009CC17C /* Sources */ = {
			isa = PBXSourcesBuildPhase;
			buildActionMask = 2147483647;
			files = (
				D9A5AA9D1E425C0300AE1B01 /* InventoryViewController.swift in Sources */,
				D9111A261E36E8370040E8E9 /* ViewController.swift in Sources */,
				D9C1C33D1E44B4E80046158B /* QRReaderViewController.swift in Sources */,
				D9728E5C1E43AA68002C3D78 /* AddInventoryViewController.swift in Sources */,
				D95056641E3171B800B3FE95 /* ViewControllerAddPlayer.swift in Sources */,
				D9F911781E315CA0009CC17C /* AppDelegate.swift in Sources */,
				D926E94C1E40D46A00809812 /* InventoryItem.swift in Sources */,
				D935F51D1E3911860091BED5 /* Player.swift in Sources */,
				D97CA2791E3781660083C1CA /* PlayerDetail.swift in Sources */,
			);
			runOnlyForDeploymentPostprocessing = 0;
		};
/* End PBXSourcesBuildPhase section */

/* Begin PBXVariantGroup section */
		D97CA2751E3778080083C1CA /* Main.storyboard */ = {
			isa = PBXVariantGroup;
			children = (
				D97CA2761E3778080083C1CA /* Base */,
			);
			name = Main.storyboard;
			sourceTree = "<group>";
		};
		D9F911831E315CA0009CC17C /* LaunchScreen.storyboard */ = {
			isa = PBXVariantGroup;
			children = (
				D9F911841E315CA0009CC17C /* Base */,
			);
			name = LaunchScreen.storyboard;
			sourceTree = "<group>";
		};
/* End PBXVariantGroup section */

/* Begin XCBuildConfiguration section */
		D9F911871E315CA0009CC17C /* Debug */ = {
			isa = XCBuildConfiguration;
			buildSettings = {
				ALWAYS_SEARCH_USER_PATHS = NO;
				CLANG_ANALYZER_NONNULL = YES;
				CLANG_CXX_LANGUAGE_STANDARD = "gnu++0x";
				CLANG_CXX_LIBRARY = "libc++";
				CLANG_ENABLE_MODULES = YES;
				CLANG_ENABLE_OBJC_ARC = YES;
				CLANG_WARN_BOOL_CONVERSION = YES;
				CLANG_WARN_CONSTANT_CONVERSION = YES;
				CLANG_WARN_DIRECT_OBJC_ISA_USAGE = YES_ERROR;
				CLANG_WARN_DOCUMENTATION_COMMENTS = YES;
				CLANG_WARN_EMPTY_BODY = YES;
				CLANG_WARN_ENUM_CONVERSION = YES;
				CLANG_WARN_INFINITE_RECURSION = YES;
				CLANG_WARN_INT_CONVERSION = YES;
				CLANG_WARN_OBJC_ROOT_CLASS = YES_ERROR;
				CLANG_WARN_SUSPICIOUS_MOVE = YES;
				CLANG_WARN_UNREACHABLE_CODE = YES;
				CLANG_WARN__DUPLICATE_METHOD_MATCH = YES;
				"CODE_SIGN_IDENTITY[sdk=iphoneos*]" = "iPhone Developer";
				COPY_PHASE_STRIP = NO;
				DEBUG_INFORMATION_FORMAT = dwarf;
				ENABLE_STRICT_OBJC_MSGSEND = YES;
				ENABLE_TESTABILITY = YES;
				GCC_C_LANGUAGE_STANDARD = gnu99;
				GCC_DYNAMIC_NO_PIC = NO;
				GCC_NO_COMMON_BLOCKS = YES;
				GCC_OPTIMIZATION_LEVEL = 0;
				GCC_PREPROCESSOR_DEFINITIONS = (
					"DEBUG=1",
					"$(inherited)",
				);
				GCC_WARN_64_TO_32_BIT_CONVERSION = YES;
				GCC_WARN_ABOUT_RETURN_TYPE = YES_ERROR;
				GCC_WARN_UNDECLARED_SELECTOR = YES;
				GCC_WARN_UNINITIALIZED_AUTOS = YES_AGGRESSIVE;
				GCC_WARN_UNUSED_FUNCTION = YES;
				GCC_WARN_UNUSED_VARIABLE = YES;
				IPHONEOS_DEPLOYMENT_TARGET = 10.2;
				MTL_ENABLE_DEBUG_INFO = YES;
				ONLY_ACTIVE_ARCH = YES;
				SDKROOT = iphoneos;
				SWIFT_ACTIVE_COMPILATION_CONDITIONS = DEBUG;
				SWIFT_OPTIMIZATION_LEVEL = "-Onone";
				TARGETED_DEVICE_FAMILY = "1,2";
			};
			name = Debug;
		};
		D9F911881E315CA0009CC17C /* Release */ = {
			isa = XCBuildConfiguration;
			buildSettings = {
				ALWAYS_SEARCH_USER_PATHS = NO;
				CLANG_ANALYZER_NONNULL = YES;
				CLANG_CXX_LANGUAGE_STANDARD = "gnu++0x";
				CLANG_CXX_LIBRARY = "libc++";
				CLANG_ENABLE_MODULES = YES;
				CLANG_ENABLE_OBJC_ARC = YES;
				CLANG_WARN_BOOL_CONVERSION = YES;
				CLANG_WARN_CONSTANT_CONVERSION = YES;
				CLANG_WARN_DIRECT_OBJC_ISA_USAGE = YES_ERROR;
				CLANG_WARN_DOCUMENTATION_COMMENTS = YES;
				CLANG_WARN_EMPTY_BODY = YES;
				CLANG_WARN_ENUM_CONVERSION = YES;
				CLANG_WARN_INFINITE_RECURSION = YES;
				CLANG_WARN_INT_CONVERSION = YES;
				CLANG_WARN_OBJC_ROOT_CLASS = YES_ERROR;
				CLANG_WARN_SUSPICIOUS_MOVE = YES;
				CLANG_WARN_UNREACHABLE_CODE = YES;
				CLANG_WARN__DUPLICATE_METHOD_MATCH = YES;
				"CODE_SIGN_IDENTITY[sdk=iphoneos*]" = "iPhone Developer";
				COPY_PHASE_STRIP = NO;
				DEBUG_INFORMATION_FORMAT = "dwarf-with-dsym";
				ENABLE_NS_ASSERTIONS = NO;
				ENABLE_STRICT_OBJC_MSGSEND = YES;
				GCC_C_LANGUAGE_STANDARD = gnu99;
				GCC_NO_COMMON_BLOCKS = YES;
				GCC_WARN_64_TO_32_BIT_CONVERSION = YES;
				GCC_WARN_ABOUT_RETURN_TYPE = YES_ERROR;
				GCC_WARN_UNDECLARED_SELECTOR = YES;
				GCC_WARN_UNINITIALIZED_AUTOS = YES_AGGRESSIVE;
				GCC_WARN_UNUSED_FUNCTION = YES;
				GCC_WARN_UNUSED_VARIABLE = YES;
				IPHONEOS_DEPLOYMENT_TARGET = 10.2;
				MTL_ENABLE_DEBUG_INFO = NO;
				SDKROOT = iphoneos;
				SWIFT_OPTIMIZATION_LEVEL = "-Owholemodule";
				TARGETED_DEVICE_FAMILY = "1,2";
				VALIDATE_PRODUCT = YES;
			};
			name = Release;
		};
		D9F9118A1E315CA0009CC17C /* Debug */ = {
			isa = XCBuildConfiguration;
			baseConfigurationReference = DF504022A4B94F74E72625B3 /* Pods-FootballInventory.debug.xcconfig */;
			buildSettings = {
				ASSETCATALOG_COMPILER_APPICON_NAME = AppIcon;
				"CODE_SIGN_IDENTITY[sdk=iphoneos*]" = "iPhone Developer";
				DEVELOPMENT_TEAM = C898Z78FP7;
				INFOPLIST_FILE = FootballInventory/Info.plist;
				IPHONEOS_DEPLOYMENT_TARGET = 8.0;
				LD_RUNPATH_SEARCH_PATHS = "$(inherited) @executable_path/Frameworks";
				PRODUCT_BUNDLE_IDENTIFIER = malcolm.FootballInventory;
				PRODUCT_NAME = "$(TARGET_NAME)";
				SWIFT_VERSION = 3.0;
			};
			name = Debug;
		};
		D9F9118B1E315CA0009CC17C /* Release */ = {
			isa = XCBuildConfiguration;
			baseConfigurationReference = 417FA33080C95F502BD8D90B /* Pods-FootballInventory.release.xcconfig */;
			buildSettings = {
				ASSETCATALOG_COMPILER_APPICON_NAME = AppIcon;
				"CODE_SIGN_IDENTITY[sdk=iphoneos*]" = "iPhone Developer";
				DEVELOPMENT_TEAM = C898Z78FP7;
				INFOPLIST_FILE = FootballInventory/Info.plist;
				IPHONEOS_DEPLOYMENT_TARGET = 8.0;
				LD_RUNPATH_SEARCH_PATHS = "$(inherited) @executable_path/Frameworks";
				PRODUCT_BUNDLE_IDENTIFIER = malcolm.FootballInventory;
				PRODUCT_NAME = "$(TARGET_NAME)";
				SWIFT_VERSION = 3.0;
			};
			name = Release;
		};
/* End XCBuildConfiguration section */

/* Begin XCConfigurationList section */
		D9F9116F1E315C9F009CC17C /* Build configuration list for PBXProject "FootballInventory" */ = {
			isa = XCConfigurationList;
			buildConfigurations = (
				D9F911871E315CA0009CC17C /* Debug */,
				D9F911881E315CA0009CC17C /* Release */,
			);
			defaultConfigurationIsVisible = 0;
			defaultConfigurationName = Release;
		};
		D9F911891E315CA0009CC17C /* Build configuration list for PBXNativeTarget "FootballInventory" */ = {
			isa = XCConfigurationList;
			buildConfigurations = (
				D9F9118A1E315CA0009CC17C /* Debug */,
				D9F9118B1E315CA0009CC17C /* Release */,
			);
			defaultConfigurationIsVisible = 0;
			defaultConfigurationName = Release;
		};
/* End XCConfigurationList section */
	};
	rootObject = D9F9116C1E315C9F009CC17C /* Project object */;
}
